
Microsoft Visual Studio Solution File, Format Version 12.00
# Visual Studio Version 17
VisualStudioVersion = 17.14.36414.22 d17.14
MinimumVisualStudioVersion = 10.0.40219.1
Project("{FAE04EC0-301F-11D3-BF4B-00C04F79EFBC}") = "MauiApp3", "MauiApp3\MauiApp3.csproj", "{1587AB02-478D-4C3B-848C-DB0C855033DA}"
EndProject
Global
	GlobalSection(SolutionConfigurationPlatforms) = preSolution
		Debug|Any CPU = Debug|Any CPU
		Release|Any CPU = Release|Any CPU
	EndGlobalSection
	GlobalSection(ProjectConfigurationPlatforms) = postSolution
		{1587AB02-478D-4C3B-848C-DB0C855033DA}.Debug|Any CPU.ActiveCfg = Debug|Any CPU
		{1587AB02-478D-4C3B-848C-DB0C855033DA}.Debug|Any CPU.Build.0 = Debug|Any CPU
		{1587AB02-478D-4C3B-848C-DB0C855033DA}.Release|Any CPU.ActiveCfg = Release|Any CPU
		{1587AB02-478D-4C3B-848C-DB0C855033DA}.Release|Any CPU.Build.0 = Release|Any CPU
	EndGlobalSection
	GlobalSection(SolutionProperties) = preSolution
		HideSolutionNode = FALSE
	EndGlobalSection
	GlobalSection(ExtensibilityGlobals) = postSolution
		SolutionGuid = {55A61EA5-BA5D-4002-ABCD-AEAE00CFC0C6}
	EndGlobalSection
EndGlobal
